
Microsoft Visual Studio Solution File, Format Version 12.00
# Visual Studio Version 17
VisualStudioVersion = 17.11.35312.102
MinimumVisualStudioVersion = 10.0.40219.1
Project("{FAE04EC0-301F-11D3-BF4B-00C04F79EFBC}") = "GenericStackAssessment5", "GenericStackAssessment5.csproj", "{69727A1E-7772-4C17-A1C9-AAE30DBB4BCA}"
EndProject
Global
	GlobalSection(SolutionConfigurationPlatforms) = preSolution
		Debug|Any CPU = Debug|Any CPU
		Release|Any CPU = Release|Any CPU
	EndGlobalSection
	GlobalSection(ProjectConfigurationPlatforms) = postSolution
		{69727A1E-7772-4C17-A1C9-AAE30DBB4BCA}.Debug|Any CPU.ActiveCfg = Debug|Any CPU
		{69727A1E-7772-4C17-A1C9-AAE30DBB4BCA}.Debug|Any CPU.Build.0 = Debug|Any CPU
		{69727A1E-7772-4C17-A1C9-AAE30DBB4BCA}.Release|Any CPU.ActiveCfg = Release|Any CPU
		{69727A1E-7772-4C17-A1C9-AAE30DBB4BCA}.Release|Any CPU.Build.0 = Release|Any CPU
	EndGlobalSection
	GlobalSection(SolutionProperties) = preSolution
		HideSolutionNode = FALSE
	EndGlobalSection
	GlobalSection(ExtensibilityGlobals) = postSolution
		SolutionGuid = {2419647B-7A83-4FA0-9D44-ED31C007A282}
	EndGlobalSection
EndGlobal
